
Microsoft Visual Studio Solution File, Format Version 12.00
# Visual Studio 15
VisualStudioVersion = 15.0.27703.2035
MinimumVisualStudioVersion = 10.0.40219.1
Project("{FAE04EC0-301F-11D3-BF4B-00C04F79EFBC}") = "PopulationFitness", "PopulationFitness\PopulationFitness.csproj", "{4BA48A21-140C-4A81-8F5D-4D6E01549623}"
EndProject
Project("{FAE04EC0-301F-11D3-BF4B-00C04F79EFBC}") = "TestPopulationFitness", "TestPopulationFitness\TestPopulationFitness.csproj", "{87119D49-1FC7-4AAF-BA43-DDE8A7169747}"
EndProject
Global
	GlobalSection(SolutionConfigurationPlatforms) = preSolution
		Debug|Any CPU = Debug|Any CPU
		Release|Any CPU = Release|Any CPU
	EndGlobalSection
	GlobalSection(ProjectConfigurationPlatforms) = postSolution
		{4BA48A21-140C-4A81-8F5D-4D6E01549623}.Debug|Any CPU.ActiveCfg = Debug|Any CPU
		{4BA48A21-140C-4A81-8F5D-4D6E01549623}.Debug|Any CPU.Build.0 = Debug|Any CPU
		{4BA48A21-140C-4A81-8F5D-4D6E01549623}.Release|Any CPU.ActiveCfg = Release|Any CPU
		{4BA48A21-140C-4A81-8F5D-4D6E01549623}.Release|Any CPU.Build.0 = Release|Any CPU
		{87119D49-1FC7-4AAF-BA43-DDE8A7169747}.Debug|Any CPU.ActiveCfg = Debug|Any CPU
		{87119D49-1FC7-4AAF-BA43-DDE8A7169747}.Debug|Any CPU.Build.0 = Debug|Any CPU
		{87119D49-1FC7-4AAF-BA43-DDE8A7169747}.Release|Any CPU.ActiveCfg = Release|Any CPU
		{87119D49-1FC7-4AAF-BA43-DDE8A7169747}.Release|Any CPU.Build.0 = Release|Any CPU
	EndGlobalSection
	GlobalSection(SolutionProperties) = preSolution
		HideSolutionNode = FALSE
	EndGlobalSection
	GlobalSection(ExtensibilityGlobals) = postSolution
		SolutionGuid = {2BE5D71B-813C-4B51-ADB5-CC29C68D7E76}
	EndGlobalSection
EndGlobal
